
Microsoft Visual Studio Solution File, Format Version 12.00
# Visual Studio Version 17
VisualStudioVersion = 17.14.36401.2
MinimumVisualStudioVersion = 10.0.40219.1
Project("{FAE04EC0-301F-11D3-BF4B-00C04F79EFBC}") = "PhotoMosaicMaker.Cli", "PhotoMosaicMakerCli\PhotoMosaicMaker.Cli.csproj", "{A3DDC83D-ABFE-4909-95A5-DB0FDFC621F8}"
EndProject
Project("{FAE04EC0-301F-11D3-BF4B-00C04F79EFBC}") = "PhotoMosaicMaker.Core", "PhotoMosaicMaker.Core\PhotoMosaicMaker.Core.csproj", "{391D09A9-96DF-4ADD-A9BE-1635E17D0F1E}"
EndProject
Project("{FAE04EC0-301F-11D3-BF4B-00C04F79EFBC}") = "PhotoMosaicMaker.App", "PhotoMosaicMaker.App\PhotoMosaicMaker.App.csproj", "{55B0B3F7-DAFC-4834-AA05-43CB70D3D214}"
EndProject
Project("{FAE04EC0-301F-11D3-BF4B-00C04F79EFBC}") = "PhotoMosaicMaker.Video", "PhotoMosaicMaker.Video\PhotoMosaicMaker.Video.csproj", "{A0A257CC-9B34-428E-A955-C2B1ABBB7BD4}"
EndProject
Global
	GlobalSection(SolutionConfigurationPlatforms) = preSolution
		Debug|Any CPU = Debug|Any CPU
		Release|Any CPU = Release|Any CPU
	EndGlobalSection
	GlobalSection(ProjectConfigurationPlatforms) = postSolution
		{A3DDC83D-ABFE-4909-95A5-DB0FDFC621F8}.Debug|Any CPU.ActiveCfg = Debug|Any CPU
		{A3DDC83D-ABFE-4909-95A5-DB0FDFC621F8}.Debug|Any CPU.Build.0 = Debug|Any CPU
		{A3DDC83D-ABFE-4909-95A5-DB0FDFC621F8}.Release|Any CPU.ActiveCfg = Release|Any CPU
		{A3DDC83D-ABFE-4909-95A5-DB0FDFC621F8}.Release|Any CPU.Build.0 = Release|Any CPU
		{391D09A9-96DF-4ADD-A9BE-1635E17D0F1E}.Debug|Any CPU.ActiveCfg = Debug|Any CPU
		{391D09A9-96DF-4ADD-A9BE-1635E17D0F1E}.Debug|Any CPU.Build.0 = Debug|Any CPU
		{391D09A9-96DF-4ADD-A9BE-1635E17D0F1E}.Release|Any CPU.ActiveCfg = Release|Any CPU
		{391D09A9-96DF-4ADD-A9BE-1635E17D0F1E}.Release|Any CPU.Build.0 = Release|Any CPU
		{55B0B3F7-DAFC-4834-AA05-43CB70D3D214}.Debug|Any CPU.ActiveCfg = Debug|Any CPU
		{55B0B3F7-DAFC-4834-AA05-43CB70D3D214}.Debug|Any CPU.Build.0 = Debug|Any CPU
		{55B0B3F7-DAFC-4834-AA05-43CB70D3D214}.Release|Any CPU.ActiveCfg = Release|Any CPU
		{55B0B3F7-DAFC-4834-AA05-43CB70D3D214}.Release|Any CPU.Build.0 = Release|Any CPU
		{A0A257CC-9B34-428E-A955-C2B1ABBB7BD4}.Debug|Any CPU.ActiveCfg = Debug|Any CPU
		{A0A257CC-9B34-428E-A955-C2B1ABBB7BD4}.Debug|Any CPU.Build.0 = Debug|Any CPU
		{A0A257CC-9B34-428E-A955-C2B1ABBB7BD4}.Release|Any CPU.ActiveCfg = Release|Any CPU
		{A0A257CC-9B34-428E-A955-C2B1ABBB7BD4}.Release|Any CPU.Build.0 = Release|Any CPU
	EndGlobalSection
	GlobalSection(SolutionProperties) = preSolution
		HideSolutionNode = FALSE
	EndGlobalSection
	GlobalSection(ExtensibilityGlobals) = postSolution
		SolutionGuid = {457A8705-DEB0-489C-BE79-4E82A1CD5090}
	EndGlobalSection
EndGlobal
